
Microsoft Visual Studio Solution File, Format Version 12.00
# Visual Studio Version 17
VisualStudioVersion = 17.6.33712.159
MinimumVisualStudioVersion = 10.0.40219.1
Project("{FAE04EC0-301F-11D3-BF4B-00C04F79EFBC}") = "IwaFweg345yer79e4rtg698ywe078Stg9y8orgh9y84wry879uoiweg9yo", "IwaFweg345yer79e4rtg698ywe078Stg9y8orgh9y84wry879uoiweg9yo\IwaFweg345yer79e4rtg698ywe078Stg9y8orgh9y84wry879uoiweg9yo.csproj", "{95EA93CC-DF00-4A68-AAE6-A76797EB7FCE}"
EndProject
Global
	GlobalSection(SolutionConfigurationPlatforms) = preSolution
		Debug|Any CPU = Debug|Any CPU
		Release|Any CPU = Release|Any CPU
	EndGlobalSection
	GlobalSection(ProjectConfigurationPlatforms) = postSolution
		{95EA93CC-DF00-4A68-AAE6-A76797EB7FCE}.Debug|Any CPU.ActiveCfg = Debug|Any CPU
		{95EA93CC-DF00-4A68-AAE6-A76797EB7FCE}.Debug|Any CPU.Build.0 = Debug|Any CPU
		{95EA93CC-DF00-4A68-AAE6-A76797EB7FCE}.Release|Any CPU.ActiveCfg = Release|Any CPU
		{95EA93CC-DF00-4A68-AAE6-A76797EB7FCE}.Release|Any CPU.Build.0 = Release|Any CPU
	EndGlobalSection
	GlobalSection(SolutionProperties) = preSolution
		HideSolutionNode = FALSE
	EndGlobalSection
	GlobalSection(ExtensibilityGlobals) = postSolution
		SolutionGuid = {A1D4AA52-C7F5-49EA-A7F7-ECBAF6C15A03}
	EndGlobalSection
EndGlobal
